Microsoft Visual Studio Solution File, Format Version 9.00
# Visual Studio 2005
Project("{8BC9CEB8-8B4A-11D0-8D11-00A0C91BC942}") = "BPT_VS2005", "BPT_VS2005.vcproj", "{FD894094-15F1-4BB9-BC88-263810486BE4}"
EndProject
Global
	GlobalSection(SolutionConfigurationPlatforms) = preSolution
		Release_2008_static|Win32 = Release_2008_static|Win32
		Release_2008_static|x64 = Release_2008_static|x64
		Release_2009_static|Win32 = Release_2009_static|Win32
		Release_2009_static|x64 = Release_2009_static|x64
		Release_2010_static|Win32 = Release_2010_static|Win32
		Release_2010_static|x64 = Release_2010_static|x64
		Release_60_static|Win32 = Release_60_static|Win32
		Release_60_static|x64 = Release_60_static|x64
		Release_65_static|Win32 = Release_65_static|Win32
		Release_65_static|x64 = Release_65_static|x64
		Release_7_static|Win32 = Release_7_static|Win32
		Release_7_static|x64 = Release_7_static|x64
		Release_8_static|Win32 = Release_8_static|Win32
		Release_8_static|x64 = Release_8_static|x64
		Release_85_static|Win32 = Release_85_static|Win32
		Release_85_static|x64 = Release_85_static|x64
		Release_static_45|Win32 = Release_static_45|Win32
		Release_static_45|x64 = Release_static_45|x64
		Release_static_60|Win32 = Release_static_60|Win32
		Release_static_60|x64 = Release_static_60|x64
		Release_static|Win32 = Release_static|Win32
		Release_static|x64 = Release_static|x64
	EndGlobalSection
	GlobalSection(ProjectConfigurationPlatforms) = postSolution
		{FD894094-15F1-4BB9-BC88-263810486BE4}.Release_2008_static|Win32.ActiveCfg = Release_2008_static|Win32
		{FD894094-15F1-4BB9-BC88-263810486BE4}.Release_2008_static|Win32.Build.0 = Release_2008_static|Win32
		{FD894094-15F1-4BB9-BC88-263810486BE4}.Release_2008_static|x64.ActiveCfg = Release_2008_static|x64
		{FD894094-15F1-4BB9-BC88-263810486BE4}.Release_2008_static|x64.Build.0 = Release_2008_static|x64
		{FD894094-15F1-4BB9-BC88-263810486BE4}.Release_2009_static|Win32.ActiveCfg = Release_2009_static|Win32
		{FD894094-15F1-4BB9-BC88-263810486BE4}.Release_2009_static|Win32.Build.0 = Release_2009_static|Win32
		{FD894094-15F1-4BB9-BC88-263810486BE4}.Release_2009_static|x64.ActiveCfg = Release_2009_static|x64
		{FD894094-15F1-4BB9-BC88-263810486BE4}.Release_2009_static|x64.Build.0 = Release_2009_static|x64
		{FD894094-15F1-4BB9-BC88-263810486BE4}.Release_2010_static|Win32.ActiveCfg = Release_2010_static|Win32
		{FD894094-15F1-4BB9-BC88-263810486BE4}.Release_2010_static|Win32.Build.0 = Release_2010_static|Win32
		{FD894094-15F1-4BB9-BC88-263810486BE4}.Release_2010_static|x64.ActiveCfg = Release_2010_static|x64
		{FD894094-15F1-4BB9-BC88-263810486BE4}.Release_2010_static|x64.Build.0 = Release_2010_static|x64
		{FD894094-15F1-4BB9-BC88-263810486BE4}.Release_60_static|Win32.ActiveCfg = Release_60_static|Win32
		{FD894094-15F1-4BB9-BC88-263810486BE4}.Release_60_static|Win32.Build.0 = Release_60_static|Win32
		{FD894094-15F1-4BB9-BC88-263810486BE4}.Release_60_static|x64.ActiveCfg = Release_60_static|x64
		{FD894094-15F1-4BB9-BC88-263810486BE4}.Release_60_static|x64.Build.0 = Release_60_static|x64
		{FD894094-15F1-4BB9-BC88-263810486BE4}.Release_65_static|Win32.ActiveCfg = Release_7_static|Win32
		{FD894094-15F1-4BB9-BC88-263810486BE4}.Release_65_static|Win32.Build.0 = Release_7_static|Win32
		{FD894094-15F1-4BB9-BC88-263810486BE4}.Release_65_static|x64.ActiveCfg = Release_65_static|x64
		{FD894094-15F1-4BB9-BC88-263810486BE4}.Release_65_static|x64.Build.0 = Release_65_static|x64
		{FD894094-15F1-4BB9-BC88-263810486BE4}.Release_7_static|Win32.ActiveCfg = Release_7_static|Win32
		{FD894094-15F1-4BB9-BC88-263810486BE4}.Release_7_static|Win32.Build.0 = Release_7_static|Win32
		{FD894094-15F1-4BB9-BC88-263810486BE4}.Release_7_static|x64.ActiveCfg = Release_7_static|x64
		{FD894094-15F1-4BB9-BC88-263810486BE4}.Release_7_static|x64.Build.0 = Release_7_static|x64
		{FD894094-15F1-4BB9-BC88-263810486BE4}.Release_8_static|Win32.ActiveCfg = Release_8_static|Win32
		{FD894094-15F1-4BB9-BC88-263810486BE4}.Release_8_static|Win32.Build.0 = Release_8_static|Win32
		{FD894094-15F1-4BB9-BC88-263810486BE4}.Release_8_static|x64.ActiveCfg = Release_8_static|x64
		{FD894094-15F1-4BB9-BC88-263810486BE4}.Release_8_static|x64.Build.0 = Release_8_static|x64
		{FD894094-15F1-4BB9-BC88-263810486BE4}.Release_85_static|Win32.ActiveCfg = Release_85_static|Win32
		{FD894094-15F1-4BB9-BC88-263810486BE4}.Release_85_static|Win32.Build.0 = Release_85_static|Win32
		{FD894094-15F1-4BB9-BC88-263810486BE4}.Release_85_static|x64.ActiveCfg = Release_85_static|x64
		{FD894094-15F1-4BB9-BC88-263810486BE4}.Release_85_static|x64.Build.0 = Release_85_static|x64
		{FD894094-15F1-4BB9-BC88-263810486BE4}.Release_static_45|Win32.ActiveCfg = Release_static_45|Win32
		{FD894094-15F1-4BB9-BC88-263810486BE4}.Release_static_45|Win32.Build.0 = Release_static_45|Win32
		{FD894094-15F1-4BB9-BC88-263810486BE4}.Release_static_45|x64.ActiveCfg = Release_static_45|x64
		{FD894094-15F1-4BB9-BC88-263810486BE4}.Release_static_45|x64.Build.0 = Release_static_45|x64
		{FD894094-15F1-4BB9-BC88-263810486BE4}.Release_static_60|Win32.ActiveCfg = Release_static_45|Win32
		{FD894094-15F1-4BB9-BC88-263810486BE4}.Release_static_60|Win32.Build.0 = Release_static_45|Win32
		{FD894094-15F1-4BB9-BC88-263810486BE4}.Release_static_60|x64.ActiveCfg = Release_static_45|x64
		{FD894094-15F1-4BB9-BC88-263810486BE4}.Release_static_60|x64.Build.0 = Release_static_45|x64
		{FD894094-15F1-4BB9-BC88-263810486BE4}.Release_static|Win32.ActiveCfg = Release_60_static|Win32
		{FD894094-15F1-4BB9-BC88-263810486BE4}.Release_static|Win32.Build.0 = Release_60_static|Win32
		{FD894094-15F1-4BB9-BC88-263810486BE4}.Release_static|x64.ActiveCfg = Release_static_45|x64
		{FD894094-15F1-4BB9-BC88-263810486BE4}.Release_static|x64.Build.0 = Release_static_45|x64
	EndGlobalSection
	GlobalSection(SolutionProperties) = preSolution
		HideSolutionNode = FALSE
	EndGlobalSection
EndGlobal
