Microsoft Visual Studio Solution File, Format Version 8.00
Project("{8BC9CEB8-8B4A-11D0-8D11-00A0C91BC942}") = "BPTImport", "BPTImport.vcproj", "{FD894094-15F1-4BB9-BC88-263810486BE4}"
	ProjectSection(ProjectDependencies) = postProject
	EndProjectSection
EndProject
Global
	GlobalSection(SolutionConfiguration) = preSolution
		Debug = Debug
		M 6 RELEASE 2 EVAL = M 6 RELEASE 2 EVAL
		M45 = M45
		M45 DEBUG = M45 DEBUG
		M45 RELEASE = M45 RELEASE
		M5 DEBUG = M5 DEBUG
		M5 RELEASE = M5 RELEASE
		M6 DEBUG = M6 DEBUG
		M6 Release = M6 Release
		M65RELEASE = M65RELEASE
		M6DEBUG = M6DEBUG
		M6RELEASE 2 = M6RELEASE 2
		M6RELEASE2EVAL = M6RELEASE2EVAL
		M6RELEASE2SCHOOLNoEXPIRE = M6RELEASE2SCHOOLNoEXPIRE
		Release = Release
	EndGlobalSection
	GlobalSection(ProjectConfiguration) = postSolution
		{FD894094-15F1-4BB9-BC88-263810486BE4}.Debug.ActiveCfg = Debug|Win32
		{FD894094-15F1-4BB9-BC88-263810486BE4}.Debug.Build.0 = Debug|Win32
		{FD894094-15F1-4BB9-BC88-263810486BE4}.M 6 RELEASE 2 EVAL.ActiveCfg = M 6 RELEASE 2 EVAL|Win32
		{FD894094-15F1-4BB9-BC88-263810486BE4}.M 6 RELEASE 2 EVAL.Build.0 = M 6 RELEASE 2 EVAL|Win32
		{FD894094-15F1-4BB9-BC88-263810486BE4}.M45.ActiveCfg = M45 RELEASE|Win32
		{FD894094-15F1-4BB9-BC88-263810486BE4}.M45.Build.0 = M45 RELEASE|Win32
		{FD894094-15F1-4BB9-BC88-263810486BE4}.M45 DEBUG.ActiveCfg = Release_45_DEBUG|Win32
		{FD894094-15F1-4BB9-BC88-263810486BE4}.M45 DEBUG.Build.0 = Release_45_DEBUG|Win32
		{FD894094-15F1-4BB9-BC88-263810486BE4}.M45 RELEASE.ActiveCfg = M45 RELEASE|Win32
		{FD894094-15F1-4BB9-BC88-263810486BE4}.M45 RELEASE.Build.0 = M45 RELEASE|Win32
		{FD894094-15F1-4BB9-BC88-263810486BE4}.M5 DEBUG.ActiveCfg = M5 DEBUG|Win32
		{FD894094-15F1-4BB9-BC88-263810486BE4}.M5 DEBUG.Build.0 = M5 DEBUG|Win32
		{FD894094-15F1-4BB9-BC88-263810486BE4}.M5 RELEASE.ActiveCfg = M5 RELEASE|Win32
		{FD894094-15F1-4BB9-BC88-263810486BE4}.M5 RELEASE.Build.0 = M5 RELEASE|Win32
		{FD894094-15F1-4BB9-BC88-263810486BE4}.M6 DEBUG.ActiveCfg = M6 DEBUG|Win32
		{FD894094-15F1-4BB9-BC88-263810486BE4}.M6 DEBUG.Build.0 = M6 DEBUG|Win32
		{FD894094-15F1-4BB9-BC88-263810486BE4}.M6 Release.ActiveCfg = M6 Release|Win32
		{FD894094-15F1-4BB9-BC88-263810486BE4}.M6 Release.Build.0 = M6 Release|Win32
		{FD894094-15F1-4BB9-BC88-263810486BE4}.M65RELEASE.ActiveCfg = M65RELEASE|Win32
		{FD894094-15F1-4BB9-BC88-263810486BE4}.M65RELEASE.Build.0 = M65RELEASE|Win32
		{FD894094-15F1-4BB9-BC88-263810486BE4}.M6DEBUG.ActiveCfg = M6DEBUG|Win32
		{FD894094-15F1-4BB9-BC88-263810486BE4}.M6DEBUG.Build.0 = M6DEBUG|Win32
		{FD894094-15F1-4BB9-BC88-263810486BE4}.M6RELEASE 2.ActiveCfg = M6RELEASE 2|Win32
		{FD894094-15F1-4BB9-BC88-263810486BE4}.M6RELEASE 2.Build.0 = M6RELEASE 2|Win32
		{FD894094-15F1-4BB9-BC88-263810486BE4}.M6RELEASE2EVAL.ActiveCfg = M6RELEASE2EVAL|Win32
		{FD894094-15F1-4BB9-BC88-263810486BE4}.M6RELEASE2EVAL.Build.0 = M6RELEASE2EVAL|Win32
		{FD894094-15F1-4BB9-BC88-263810486BE4}.M6RELEASE2SCHOOLNoEXPIRE.ActiveCfg = M6RELEASE2SCHOOLNoEXPIRE|Win32
		{FD894094-15F1-4BB9-BC88-263810486BE4}.M6RELEASE2SCHOOLNoEXPIRE.Build.0 = M6RELEASE2SCHOOLNoEXPIRE|Win32
		{FD894094-15F1-4BB9-BC88-263810486BE4}.Release.ActiveCfg = Release|Win32
		{FD894094-15F1-4BB9-BC88-263810486BE4}.Release.Build.0 = Release|Win32
	EndGlobalSection
	GlobalSection(ExtensibilityGlobals) = postSolution
	EndGlobalSection
	GlobalSection(ExtensibilityAddIns) = postSolution
	EndGlobalSection
EndGlobal
